# This file is automatically @generated by Wally.
# It is not intended for manual editing.
registry = "test"

[[package]]
name = "howmanysmall/roact-hooked-luau"
version = "1.0.0"
dependencies = [["Roact", "roblox/roact@1.4.4"], ["ThreadUtilities", "howmanysmall/thread-utilities@1.0.1"]]

[[package]]
name = "howmanysmall/thread-utilities"
version = "1.0.1"
dependencies = []

[[package]]
name = "roblox/roact"
version = "1.4.4"
dependencies = []
